
Microsoft Visual Studio Solution File, Format Version 12.00
# Visual Studio Version 17
VisualStudioVersion = 17.6.33723.286
MinimumVisualStudioVersion = 10.0.40219.1
Project("{FAE04EC0-301F-11D3-BF4B-00C04F79EFBC}") = "CustomAuth.Web", "CustomAuth.Web\CustomAuth.Web.csproj", "{B8CD8C65-8D99-4E22-B0D4-AFFD2F198DF1}"
EndProject
Global
	GlobalSection(SolutionConfigurationPlatforms) = preSolution
		Debug|Any CPU = Debug|Any CPU
		Release|Any CPU = Release|Any CPU
	EndGlobalSection
	GlobalSection(ProjectConfigurationPlatforms) = postSolution
		{B8CD8C65-8D99-4E22-B0D4-AFFD2F198DF1}.Debug|Any CPU.ActiveCfg = Debug|Any CPU
		{B8CD8C65-8D99-4E22-B0D4-AFFD2F198DF1}.Debug|Any CPU.Build.0 = Debug|Any CPU
		{B8CD8C65-8D99-4E22-B0D4-AFFD2F198DF1}.Release|Any CPU.ActiveCfg = Release|Any CPU
		{B8CD8C65-8D99-4E22-B0D4-AFFD2F198DF1}.Release|Any CPU.Build.0 = Release|Any CPU
	EndGlobalSection
	GlobalSection(SolutionProperties) = preSolution
		HideSolutionNode = FALSE
	EndGlobalSection
	GlobalSection(ExtensibilityGlobals) = postSolution
		SolutionGuid = {30E45F44-2307-477E-BF38-7F97EB9A75F6}
	EndGlobalSection
EndGlobal
